
Microsoft Visual Studio Solution File, Format Version 12.00
# Visual Studio 15
VisualStudioVersion = 15.0.27703.2026
MinimumVisualStudioVersion = 10.0.40219.1
Project("{FAE04EC0-301F-11D3-BF4B-00C04F79EFBC}") = "ListConsole", "ListConsole\ListConsole.csproj", "{656403AC-6B79-47FC-A949-D892D3282232}"
EndProject
Global
	GlobalSection(SolutionConfigurationPlatforms) = preSolution
		Debug|Any CPU = Debug|Any CPU
		Release|Any CPU = Release|Any CPU
	EndGlobalSection
	GlobalSection(ProjectConfigurationPlatforms) = postSolution
		{656403AC-6B79-47FC-A949-D892D3282232}.Debug|Any CPU.ActiveCfg = Debug|Any CPU
		{656403AC-6B79-47FC-A949-D892D3282232}.Debug|Any CPU.Build.0 = Debug|Any CPU
		{656403AC-6B79-47FC-A949-D892D3282232}.Release|Any CPU.ActiveCfg = Release|Any CPU
		{656403AC-6B79-47FC-A949-D892D3282232}.Release|Any CPU.Build.0 = Release|Any CPU
	EndGlobalSection
	GlobalSection(SolutionProperties) = preSolution
		HideSolutionNode = FALSE
	EndGlobalSection
	GlobalSection(ExtensibilityGlobals) = postSolution
		SolutionGuid = {6FFD60F5-6D66-4E62-B574-C611BA9E79CC}
	EndGlobalSection
EndGlobal
