
Microsoft Visual Studio Solution File, Format Version 12.00
# Visual Studio 15
VisualStudioVersion = 15.0.27703.2026
MinimumVisualStudioVersion = 10.0.40219.1
Project("{FAE04EC0-301F-11D3-BF4B-00C04F79EFBC}") = "SlotMachine", "SlotMachine\SlotMachine.csproj", "{733CFD58-589D-4890-A3A9-E1D28EC9B911}"
EndProject
Global
	GlobalSection(SolutionConfigurationPlatforms) = preSolution
		Debug|Any CPU = Debug|Any CPU
		Release|Any CPU = Release|Any CPU
	EndGlobalSection
	GlobalSection(ProjectConfigurationPlatforms) = postSolution
		{733CFD58-589D-4890-A3A9-E1D28EC9B911}.Debug|Any CPU.ActiveCfg = Debug|Any CPU
		{733CFD58-589D-4890-A3A9-E1D28EC9B911}.Debug|Any CPU.Build.0 = Debug|Any CPU
		{733CFD58-589D-4890-A3A9-E1D28EC9B911}.Release|Any CPU.ActiveCfg = Release|Any CPU
		{733CFD58-589D-4890-A3A9-E1D28EC9B911}.Release|Any CPU.Build.0 = Release|Any CPU
	EndGlobalSection
	GlobalSection(SolutionProperties) = preSolution
		HideSolutionNode = FALSE
	EndGlobalSection
	GlobalSection(ExtensibilityGlobals) = postSolution
		SolutionGuid = {F6B3B69B-E9D7-44D8-8BF2-4CE7FDEC0B7E}
	EndGlobalSection
EndGlobal
